
Microsoft Visual Studio Solution File, Format Version 12.00
# Visual Studio 15
VisualStudioVersion = 15.0.28307.1231
MinimumVisualStudioVersion = 10.0.40219.1
Project("{FAE04EC0-301F-11D3-BF4B-00C04F79EFBC}") = "QLSOTIETKIEm", "QLSOTIETKIEm\QLSOTIETKIEm.csproj", "{4F33C1F9-4667-474A-B6A9-89A3C508165A}"
EndProject
Global
	GlobalSection(SolutionConfigurationPlatforms) = preSolution
		Debug|Any CPU = Debug|Any CPU
		Release|Any CPU = Release|Any CPU
	EndGlobalSection
	GlobalSection(ProjectConfigurationPlatforms) = postSolution
		{4F33C1F9-4667-474A-B6A9-89A3C508165A}.Debug|Any CPU.ActiveCfg = Debug|Any CPU
		{4F33C1F9-4667-474A-B6A9-89A3C508165A}.Debug|Any CPU.Build.0 = Debug|Any CPU
		{4F33C1F9-4667-474A-B6A9-89A3C508165A}.Release|Any CPU.ActiveCfg = Release|Any CPU
		{4F33C1F9-4667-474A-B6A9-89A3C508165A}.Release|Any CPU.Build.0 = Release|Any CPU
	EndGlobalSection
	GlobalSection(SolutionProperties) = preSolution
		HideSolutionNode = FALSE
	EndGlobalSection
	GlobalSection(ExtensibilityGlobals) = postSolution
		SolutionGuid = {7068D87E-D775-4E3F-A863-587BFB6F45A0}
	EndGlobalSection
EndGlobal
